
Microsoft Visual Studio Solution File, Format Version 12.00
# Visual Studio Version 17
VisualStudioVersion = 17.5.33530.505
MinimumVisualStudioVersion = 10.0.40219.1
Project("{FAE04EC0-301F-11D3-BF4B-00C04F79EFBC}") = "Vidly", "Vidly.csproj", "{E016BB23-5D98-4EF6-AB4E-5EF72EBF8E9A}"
EndProject
Global
	GlobalSection(SolutionConfigurationPlatforms) = preSolution
		Debug|Any CPU = Debug|Any CPU
		Release|Any CPU = Release|Any CPU
	EndGlobalSection
	GlobalSection(ProjectConfigurationPlatforms) = postSolution
		{E016BB23-5D98-4EF6-AB4E-5EF72EBF8E9A}.Debug|Any CPU.ActiveCfg = Debug|Any CPU
		{E016BB23-5D98-4EF6-AB4E-5EF72EBF8E9A}.Debug|Any CPU.Build.0 = Debug|Any CPU
		{E016BB23-5D98-4EF6-AB4E-5EF72EBF8E9A}.Release|Any CPU.ActiveCfg = Release|Any CPU
		{E016BB23-5D98-4EF6-AB4E-5EF72EBF8E9A}.Release|Any CPU.Build.0 = Release|Any CPU
	EndGlobalSection
	GlobalSection(SolutionProperties) = preSolution
		HideSolutionNode = FALSE
	EndGlobalSection
	GlobalSection(ExtensibilityGlobals) = postSolution
		SolutionGuid = {3FA92F61-2B82-4E90-A9D2-761D538964BB}
	EndGlobalSection
EndGlobal
